// !$*UTF8*$!
{
	archiveVersion = 1;
	classes = {
	};
	objectVersion = 55;
	objects = {

/* Begin PBXBuildFile section */
		AC6D3D8728544ABA00592235 /* AppDelegate.swift in Sources */ = {isa = PBXBuildFile; fileRef = AC6D3D8628544ABA00592235 /* AppDelegate.swift */; };
		AC6D3D8928544ABA00592235 /* SceneDelegate.swift in Sources */ = {isa = PBXBuildFile; fileRef = AC6D3D8828544ABA00592235 /* SceneDelegate.swift */; };
		AC6D3D8B28544ABA00592235 /* ViewController.swift in Sources */ = {isa = PBXBuildFile; fileRef = AC6D3D8A28544ABA00592235 /* ViewController.swift */; };
		AC6D3D8E28544ABA00592235 /* Main.storyboard in Resources */ = {isa = PBXBuildFile; fileRef = AC6D3D8C28544ABA00592235 /* Main.storyboard */; };
		AC6D3D9028544ABB00592235 /* Assets.xcassets in Resources */ = {isa = PBXBuildFile; fileRef = AC6D3D8F28544ABB00592235 /* Assets.xcassets */; };
		AC6D3D9328544ABB00592235 /* LaunchScreen.storyboard in Resources */ = {isa = PBXBuildFile; fileRef = AC6D3D9128544ABB00592235 /* LaunchScreen.storyboard */; };
		AC6D3D9E28544ABB00592235 /* wheather123Tests.swift in Sources */ = {isa = PBXBuildFile; fileRef = AC6D3D9D28544ABB00592235 /* wheather123Tests.swift */; };
		AC6D3DA828544ABB00592235 /* wheather123UITests.swift in Sources */ = {isa = PBXBuildFile; fileRef = AC6D3DA728544ABB00592235 /* wheather123UITests.swift */; };
		AC6D3DAA28544ABB00592235 /* wheather123UITestsLaunchTests.swift in Sources */ = {isa = PBXBuildFile; fileRef = AC6D3DA928544ABB00592235 /* wheather123UITestsLaunchTests.swift */; };
		AC6D3DB7285457F400592235 /* DataModels.swift in Sources */ = {isa = PBXBuildFile; fileRef = AC6D3DB6285457F400592235 /* DataModels.swift */; };
		AC6D3DB928545D0600592235 /* DataSource.swift in Sources */ = {isa = PBXBuildFile; fileRef = AC6D3DB828545D0600592235 /* DataSource.swift */; };
		AC6D3DBA28545D0600592235 /* DataSource.swift in Sources */ = {isa = PBXBuildFile; fileRef = AC6D3DB828545D0600592235 /* DataSource.swift */; };
		AC6D3DBB28545D0600592235 /* DataSource.swift in Sources */ = {isa = PBXBuildFile; fileRef = AC6D3DB828545D0600592235 /* DataSource.swift */; };
/* End PBXBuildFile section */

/* Begin PBXContainerItemProxy section */
		AC6D3D9A28544ABB00592235 /* PBXContainerItemProxy */ = {
			isa = PBXContainerItemProxy;
			containerPortal = AC6D3D7B28544ABA00592235 /* Project object */;
			proxyType = 1;
			remoteGlobalIDString = AC6D3D8228544ABA00592235;
			remoteInfo = wheather123;
		};
		AC6D3DA428544ABB00592235 /* PBXContainerItemProxy */ = {
			isa = PBXContainerItemProxy;
			containerPortal = AC6D3D7B28544ABA00592235 /* Project object */;
			proxyType = 1;
			remoteGlobalIDString = AC6D3D8228544ABA00592235;
			remoteInfo = wheather123;
		};
/* End PBXContainerItemProxy section */

/* Begin PBXFileReference section */
		AC6D3D8328544ABA00592235 /* wheather123.app */ = {isa = PBXFileReference; explicitFileType = wrapper.application; includeInIndex = 0; path = wheather123.app; sourceTree = BUILT_PRODUCTS_DIR; };
		AC6D3D8628544ABA00592235 /* AppDelegate.swift */ = {isa = PBXFileReference; lastKnownFileType = sourcecode.swift; path = AppDelegate.swift; sourceTree = "<group>"; };
		AC6D3D8828544ABA00592235 /* SceneDelegate.swift */ = {isa = PBXFileReference; lastKnownFileType = sourcecode.swift; path = SceneDelegate.swift; sourceTree = "<group>"; };
		AC6D3D8A28544ABA00592235 /* ViewController.swift */ = {isa = PBXFileReference; lastKnownFileType = sourcecode.swift; path = ViewController.swift; sourceTree = "<group>"; };
		AC6D3D8D28544ABA00592235 /* Base */ = {isa = PBXFileReference; lastKnownFileType = file.storyboard; name = Base; path = Base.lproj/Main.storyboard; sourceTree = "<group>"; };
		AC6D3D8F28544ABB00592235 /* Assets.xcassets */ = {isa = PBXFileReference; lastKnownFileType = folder.assetcatalog; path = Assets.xcassets; sourceTree = "<group>"; };
		AC6D3D9228544ABB00592235 /* Base */ = {isa = PBXFileReference; lastKnownFileType = file.storyboard; name = Base; path = Base.lproj/LaunchScreen.storyboard; sourceTree = "<group>"; };
		AC6D3D9428544ABB00592235 /* Info.plist */ = {isa = PBXFileReference; lastKnownFileType = text.plist.xml; path = Info.plist; sourceTree = "<group>"; };
		AC6D3D9928544ABB00592235 /* wheather123Tests.xctest */ = {isa = PBXFileReference; explicitFileType = wrapper.cfbundle; includeInIndex = 0; path = wheather123Tests.xctest; sourceTree = BUILT_PRODUCTS_DIR; };
		AC6D3D9D28544ABB00592235 /* wheather123Tests.swift */ = {isa = PBXFileReference; lastKnownFileType = sourcecode.swift; path = wheather123Tests.swift; sourceTree = "<group>"; };
		AC6D3DA328544ABB00592235 /* wheather123UITests.xctest */ = {isa = PBXFileReference; explicitFileType = wrapper.cfbundle; includeInIndex = 0; path = wheather123UITests.xctest; sourceTree = BUILT_PRODUCTS_DIR; };
		AC6D3DA728544ABB00592235 /* wheather123UITests.swift */ = {isa = PBXFileReference; lastKnownFileType = sourcecode.swift; path = wheather123UITests.swift; sourceTree = "<group>"; };
		AC6D3DA928544ABB00592235 /* wheather123UITestsLaunchTests.swift */ = {isa = PBXFileReference; lastKnownFileType = sourcecode.swift; path = wheather123UITestsLaunchTests.swift; sourceTree = "<group>"; };
		AC6D3DB6285457F400592235 /* DataModels.swift */ = {isa = PBXFileReference; lastKnownFileType = sourcecode.swift; path = DataModels.swift; sourceTree = "<group>"; };
		AC6D3DB828545D0600592235 /* DataSource.swift */ = {isa = PBXFileReference; fileEncoding = 4; lastKnownFileType = sourcecode.swift; path = DataSource.swift; sourceTree = "<group>"; };
/* End PBXFileReference section */

/* Begin PBXFrameworksBuildPhase section */
		AC6D3D8028544ABA00592235 /* Frameworks */ = {
			isa = PBXFrameworksBuildPhase;
			buildActionMask = 2147483647;
			files = (
			);
			runOnlyForDeploymentPostprocessing = 0;
		};
		AC6D3D9628544ABB00592235 /* Frameworks */ = {
			isa = PBXFrameworksBuildPhase;
			buildActionMask = 2147483647;
			files = (
			);
			runOnlyForDeploymentPostprocessing = 0;
		};
		AC6D3DA028544ABB00592235 /* Frameworks */ = {
			isa = PBXFrameworksBuildPhase;
			buildActionMask = 2147483647;
			files = (
			);
			runOnlyForDeploymentPostprocessing = 0;
		};
/* End PBXFrameworksBuildPhase section */

/* Begin PBXGroup section */
		AC6D3D7A28544ABA00592235 = {
			isa = PBXGroup;
			children = (
				AC6D3DB6285457F400592235 /* DataModels.swift */,
				AC6D3DB828545D0600592235 /* DataSource.swift */,
				AC6D3D8528544ABA00592235 /* wheather123 */,
				AC6D3D9C28544ABB00592235 /* wheather123Tests */,
				AC6D3DA628544ABB00592235 /* wheather123UITests */,
				AC6D3D8428544ABA00592235 /* Products */,
			);
			sourceTree = "<group>";
		};
		AC6D3D8428544ABA00592235 /* Products */ = {
			isa = PBXGroup;
			children = (
				AC6D3D8328544ABA00592235 /* wheather123.app */,
				AC6D3D9928544ABB00592235 /* wheather123Tests.xctest */,
				AC6D3DA328544ABB00592235 /* wheather123UITests.xctest */,
			);
			name = Products;
			sourceTree = "<group>";
		};
		AC6D3D8528544ABA00592235 /* wheather123 */ = {
			isa = PBXGroup;
			children = (
				AC6D3D8628544ABA00592235 /* AppDelegate.swift */,
				AC6D3D8828544ABA00592235 /* SceneDelegate.swift */,
				AC6D3D8A28544ABA00592235 /* ViewController.swift */,
				AC6D3D8C28544ABA00592235 /* Main.storyboard */,
				AC6D3D8F28544ABB00592235 /* Assets.xcassets */,
				AC6D3D9128544ABB00592235 /* LaunchScreen.storyboard */,
				AC6D3D9428544ABB00592235 /* Info.plist */,
			);
			path = wheather123;
			sourceTree = "<group>";
		};
		AC6D3D9C28544ABB00592235 /* wheather123Tests */ = {
			isa = PBXGroup;
			children = (
				AC6D3D9D28544ABB00592235 /* wheather123Tests.swift */,
			);
			path = wheather123Tests;
			sourceTree = "<group>";
		};
		AC6D3DA628544ABB00592235 /* wheather123UITests */ = {
			isa = PBXGroup;
			children = (
				AC6D3DA728544ABB00592235 /* wheather123UITests.swift */,
				AC6D3DA928544ABB00592235 /* wheather123UITestsLaunchTests.swift */,
			);
			path = wheather123UITests;
			sourceTree = "<group>";
		};
/* End PBXGroup section */

/* Begin PBXNativeTarget section */
		AC6D3D8228544ABA00592235 /* wheather123 */ = {
			isa = PBXNativeTarget;
			buildConfigurationList = AC6D3DAD28544ABB00592235 /* Build configuration list for PBXNativeTarget "wheather123" */;
			buildPhases = (
				AC6D3D7F28544ABA00592235 /* Sources */,
				AC6D3D8028544ABA00592235 /* Frameworks */,
				AC6D3D8128544ABA00592235 /* Resources */,
			);
			buildRules = (
			);
			dependencies = (
			);
			name = wheather123;
			productName = wheather123;
			productReference = AC6D3D8328544ABA00592235 /* wheather123.app */;
			productType = "com.apple.product-type.application";
		};
		AC6D3D9828544ABB00592235 /* wheather123Tests */ = {
			isa = PBXNativeTarget;
			buildConfigurationList = AC6D3DB028544ABB00592235 /* Build configuration list for PBXNativeTarget "wheather123Tests" */;
			buildPhases = (
				AC6D3D9528544ABB00592235 /* Sources */,
				AC6D3D9628544ABB00592235 /* Frameworks */,
				AC6D3D9728544ABB00592235 /* Resources */,
			);
			buildRules = (
			);
			dependencies = (
				AC6D3D9B28544ABB00592235 /* PBXTargetDependency */,
			);
			name = wheather123Tests;
			productName = wheather123Tests;
			productReference = AC6D3D9928544ABB00592235 /* wheather123Tests.xctest */;
			productType = "com.apple.product-type.bundle.unit-test";
		};
		AC6D3DA228544ABB00592235 /* wheather123UITests */ = {
			isa = PBXNativeTarget;
			buildConfigurationList = AC6D3DB328544ABB00592235 /* Build configuration list for PBXNativeTarget "wheather123UITests" */;
			buildPhases = (
				AC6D3D9F28544ABB00592235 /* Sources */,
				AC6D3DA028544ABB00592235 /* Frameworks */,
				AC6D3DA128544ABB00592235 /* Resources */,
			);
			buildRules = (
			);
			dependencies = (
				AC6D3DA528544ABB00592235 /* PBXTargetDependency */,
			);
			name = wheather123UITests;
			productName = wheather123UITests;
			productReference = AC6D3DA328544ABB00592235 /* wheather123UITests.xctest */;
			productType = "com.apple.product-type.bundle.ui-testing";
		};
/* End PBXNativeTarget section */

/* Begin PBXProject section */
		AC6D3D7B28544ABA00592235 /* Project object */ = {
			isa = PBXProject;
			attributes = {
				BuildIndependentTargetsInParallel = 1;
				LastSwiftUpdateCheck = 1320;
				LastUpgradeCheck = 1320;
				TargetAttributes = {
					AC6D3D8228544ABA00592235 = {
						CreatedOnToolsVersion = 13.2.1;
					};
					AC6D3D9828544ABB00592235 = {
						CreatedOnToolsVersion = 13.2.1;
						TestTargetID = AC6D3D8228544ABA00592235;
					};
					AC6D3DA228544ABB00592235 = {
						CreatedOnToolsVersion = 13.2.1;
						TestTargetID = AC6D3D8228544ABA00592235;
					};
				};
			};
			buildConfigurationList = AC6D3D7E28544ABA00592235 /* Build configuration list for PBXProject "wheather123" */;
			compatibilityVersion = "Xcode 13.0";
			developmentRegion = en;
			hasScannedForEncodings = 0;
			knownRegions = (
				en,
				Base,
			);
			mainGroup = AC6D3D7A28544ABA00592235;
			productRefGroup = AC6D3D8428544ABA00592235 /* Products */;
			projectDirPath = "";
			projectRoot = "";
			targets = (
				AC6D3D8228544ABA00592235 /* wheather123 */,
				AC6D3D9828544ABB00592235 /* wheather123Tests */,
				AC6D3DA228544ABB00592235 /* wheather123UITests */,
			);
		};
/* End PBXProject section */

/* Begin PBXResourcesBuildPhase section */
		AC6D3D8128544ABA00592235 /* Resources */ = {
			isa = PBXResourcesBuildPhase;
			buildActionMask = 2147483647;
			files = (
				AC6D3D9328544ABB00592235 /* LaunchScreen.storyboard in Resources */,
				AC6D3D9028544ABB00592235 /* Assets.xcassets in Resources */,
				AC6D3D8E28544ABA00592235 /* Main.storyboard in Resources */,
			);
			runOnlyForDeploymentPostprocessing = 0;
		};
		AC6D3D9728544ABB00592235 /* Resources */ = {
			isa = PBXResourcesBuildPhase;
			buildActionMask = 2147483647;
			files = (
			);
			runOnlyForDeploymentPostprocessing = 0;
		};
		AC6D3DA128544ABB00592235 /* Resources */ = {
			isa = PBXResourcesBuildPhase;
			buildActionMask = 2147483647;
			files = (
			);
			runOnlyForDeploymentPostprocessing = 0;
		};
/* End PBXResourcesBuildPhase section */

/* Begin PBXSourcesBuildPhase section */
		AC6D3D7F28544ABA00592235 /* Sources */ = {
			isa = PBXSourcesBuildPhase;
			buildActionMask = 2147483647;
			files = (
				AC6D3D8B28544ABA00592235 /* ViewController.swift in Sources */,
				AC6D3DB7285457F400592235 /* DataModels.swift in Sources */,
				AC6D3D8728544ABA00592235 /* AppDelegate.swift in Sources */,
				AC6D3DB928545D0600592235 /* DataSource.swift in Sources */,
				AC6D3D8928544ABA00592235 /* SceneDelegate.swift in Sources */,
			);
			runOnlyForDeploymentPostprocessing = 0;
		};
		AC6D3D9528544ABB00592235 /* Sources */ = {
			isa = PBXSourcesBuildPhase;
			buildActionMask = 2147483647;
			files = (
				AC6D3DBA28545D0600592235 /* DataSource.swift in Sources */,
				AC6D3D9E28544ABB00592235 /* wheather123Tests.swift in Sources */,
			);
			runOnlyForDeploymentPostprocessing = 0;
		};
		AC6D3D9F28544ABB00592235 /* Sources */ = {
			isa = PBXSourcesBuildPhase;
			buildActionMask = 2147483647;
			files = (
				AC6D3DBB28545D0600592235 /* DataSource.swift in Sources */,
				AC6D3DA828544ABB00592235 /* wheather123UITests.swift in Sources */,
				AC6D3DAA28544ABB00592235 /* wheather123UITestsLaunchTests.swift in Sources */,
			);
			runOnlyForDeploymentPostprocessing = 0;
		};
/* End PBXSourcesBuildPhase section */

/* Begin PBXTargetDependency section */
		AC6D3D9B28544ABB00592235 /* PBXTargetDependency */ = {
			isa = PBXTargetDependency;
			target = AC6D3D8228544ABA00592235 /* wheather123 */;
			targetProxy = AC6D3D9A28544ABB00592235 /* PBXContainerItemProxy */;
		};
		AC6D3DA528544ABB00592235 /* PBXTargetDependency */ = {
			isa = PBXTargetDependency;
			target = AC6D3D8228544ABA00592235 /* wheather123 */;
			targetProxy = AC6D3DA428544ABB00592235 /* PBXContainerItemProxy */;
		};
/* End PBXTargetDependency section */

/* Begin PBXVariantGroup section */
		AC6D3D8C28544ABA00592235 /* Main.storyboard */ = {
			isa = PBXVariantGroup;
			children = (
				AC6D3D8D28544ABA00592235 /* Base */,
			);
			name = Main.storyboard;
			sourceTree = "<group>";
		};
		AC6D3D9128544ABB00592235 /* LaunchScreen.storyboard */ = {
			isa = PBXVariantGroup;
			children = (
				AC6D3D9228544ABB00592235 /* Base */,
			);
			name = LaunchScreen.storyboard;
			sourceTree = "<group>";
		};
/* End PBXVariantGroup section */

/* Begin XCBuildConfiguration section */
		AC6D3DAB28544ABB00592235 /* Debug */ = {
			isa = XCBuildConfiguration;
			buildSettings = {
				ALWAYS_SEARCH_USER_PATHS = NO;
				CLANG_ANALYZER_NONNULL = YES;
				CLANG_ANALYZER_NUMBER_OBJECT_CONVERSION = YES_AGGRESSIVE;
				CLANG_CXX_LANGUAGE_STANDARD = "gnu++17";
				CLANG_CXX_LIBRARY = "libc++";
				CLANG_ENABLE_MODULES = YES;
				CLANG_ENABLE_OBJC_ARC = YES;
				CLANG_ENABLE_OBJC_WEAK = YES;
				CLANG_WARN_BLOCK_CAPTURE_AUTORELEASING = YES;
				CLANG_WARN_BOOL_CONVERSION = YES;
				CLANG_WARN_COMMA = YES;
				CLANG_WARN_CONSTANT_CONVERSION = YES;
				CLANG_WARN_DEPRECATED_OBJC_IMPLEMENTATIONS = YES;
				CLANG_WARN_DIRECT_OBJC_ISA_USAGE = YES_ERROR;
				CLANG_WARN_DOCUMENTATION_COMMENTS = YES;
				CLANG_WARN_EMPTY_BODY = YES;
				CLANG_WARN_ENUM_CONVERSION = YES;
				CLANG_WARN_INFINITE_RECURSION = YES;
				CLANG_WARN_INT_CONVERSION = YES;
				CLANG_WARN_NON_LITERAL_NULL_CONVERSION = YES;
				CLANG_WARN_OBJC_IMPLICIT_RETAIN_SELF = YES;
				CLANG_WARN_OBJC_LITERAL_CONVERSION = YES;
				CLANG_WARN_OBJC_ROOT_CLASS = YES_ERROR;
				CLANG_WARN_QUOTED_INCLUDE_IN_FRAMEWORK_HEADER = YES;
				CLANG_WARN_RANGE_LOOP_ANALYSIS = YES;
				CLANG_WARN_STRICT_PROTOTYPES = YES;
				CLANG_WARN_SUSPICIOUS_MOVE = YES;
				CLANG_WARN_UNGUARDED_AVAILABILITY = YES_AGGRESSIVE;
				CLANG_WARN_UNREACHABLE_CODE = YES;
				CLANG_WARN__DUPLICATE_METHOD_MATCH = YES;
				COPY_PHASE_STRIP = NO;
				DEBUG_INFORMATION_FORMAT = dwarf;
				ENABLE_STRICT_OBJC_MSGSEND = YES;
				ENABLE_TESTABILITY = YES;
				GCC_C_LANGUAGE_STANDARD = gnu11;
				GCC_DYNAMIC_NO_PIC = NO;
				GCC_NO_COMMON_BLOCKS = YES;
				GCC_OPTIMIZATION_LEVEL = 0;
				GCC_PREPROCESSOR_DEFINITIONS = (
					"DEBUG=1",
					"$(inherited)",
				);
				GCC_WARN_64_TO_32_BIT_CONVERSION = YES;
				GCC_WARN_ABOUT_RETURN_TYPE = YES_ERROR;
				GCC_WARN_UNDECLARED_SELECTOR = YES;
				GCC_WARN_UNINITIALIZED_AUTOS = YES_AGGRESSIVE;
				GCC_WARN_UNUSED_FUNCTION = YES;
				GCC_WARN_UNUSED_VARIABLE = YES;
				IPHONEOS_DEPLOYMENT_TARGET = 15.2;
				MTL_ENABLE_DEBUG_INFO = INCLUDE_SOURCE;
				MTL_FAST_MATH = YES;
				ONLY_ACTIVE_ARCH = YES;
				SDKROOT = iphoneos;
				SWIFT_ACTIVE_COMPILATION_CONDITIONS = DEBUG;
				SWIFT_OPTIMIZATION_LEVEL = "-Onone";
			};
			name = Debug;
		};
		AC6D3DAC28544ABB00592235 /* Release */ = {
			isa = XCBuildConfiguration;
			buildSettings = {
				ALWAYS_SEARCH_USER_PATHS = NO;
				CLANG_ANALYZER_NONNULL = YES;
				CLANG_ANALYZER_NUMBER_OBJECT_CONVERSION = YES_AGGRESSIVE;
				CLANG_CXX_LANGUAGE_STANDARD = "gnu++17";
				CLANG_CXX_LIBRARY = "libc++";
				CLANG_ENABLE_MODULES = YES;
				CLANG_ENABLE_OBJC_ARC = YES;
				CLANG_ENABLE_OBJC_WEAK = YES;
				CLANG_WARN_BLOCK_CAPTURE_AUTORELEASING = YES;
				CLANG_WARN_BOOL_CONVERSION = YES;
				CLANG_WARN_COMMA = YES;
				CLANG_WARN_CONSTANT_CONVERSION = YES;
				CLANG_WARN_DEPRECATED_OBJC_IMPLEMENTATIONS = YES;
				CLANG_WARN_DIRECT_OBJC_ISA_USAGE = YES_ERROR;
				CLANG_WARN_DOCUMENTATION_COMMENTS = YES;
				CLANG_WARN_EMPTY_BODY = YES;
				CLANG_WARN_ENUM_CONVERSION = YES;
				CLANG_WARN_INFINITE_RECURSION = YES;
				CLANG_WARN_INT_CONVERSION = YES;
				CLANG_WARN_NON_LITERAL_NULL_CONVERSION = YES;
				CLANG_WARN_OBJC_IMPLICIT_RETAIN_SELF = YES;
				CLANG_WARN_OBJC_LITERAL_CONVERSION = YES;
				CLANG_WARN_OBJC_ROOT_CLASS = YES_ERROR;
				CLANG_WARN_QUOTED_INCLUDE_IN_FRAMEWORK_HEADER = YES;
				CLANG_WARN_RANGE_LOOP_ANALYSIS = YES;
				CLANG_WARN_STRICT_PROTOTYPES = YES;
				CLANG_WARN_SUSPICIOUS_MOVE = YES;
				CLANG_WARN_UNGUARDED_AVAILABILITY = YES_AGGRESSIVE;
				CLANG_WARN_UNREACHABLE_CODE = YES;
				CLANG_WARN__DUPLICATE_METHOD_MATCH = YES;
				COPY_PHASE_STRIP = NO;
				DEBUG_INFORMATION_FORMAT = "dwarf-with-dsym";
				ENABLE_NS_ASSERTIONS = NO;
				ENABLE_STRICT_OBJC_MSGSEND = YES;
				GCC_C_LANGUAGE_STANDARD = gnu11;
				GCC_NO_COMMON_BLOCKS = YES;
				GCC_WARN_64_TO_32_BIT_CONVERSION = YES;
				GCC_WARN_ABOUT_RETURN_TYPE = YES_ERROR;
				GCC_WARN_UNDECLARED_SELECTOR = YES;
				GCC_WARN_UNINITIALIZED_AUTOS = YES_AGGRESSIVE;
				GCC_WARN_UNUSED_FUNCTION = YES;
				GCC_WARN_UNUSED_VARIABLE = YES;
				IPHONEOS_DEPLOYMENT_TARGET = 15.2;
				MTL_ENABLE_DEBUG_INFO = NO;
				MTL_FAST_MATH = YES;
				SDKROOT = iphoneos;
				SWIFT_COMPILATION_MODE = wholemodule;
				SWIFT_OPTIMIZATION_LEVEL = "-O";
				VALIDATE_PRODUCT = YES;
			};
			name = Release;
		};
		AC6D3DAE28544ABB00592235 /* Debug */ = {
			isa = XCBuildConfiguration;
			buildSettings = {
				ASSETCATALOG_COMPILER_APPICON_NAME = AppIcon;
				ASSETCATALOG_COMPILER_GLOBAL_ACCENT_COLOR_NAME = AccentColor;
				CODE_SIGN_STYLE = Automatic;
				CURRENT_PROJECT_VERSION = 1;
				GENERATE_INFOPLIST_FILE = YES;
				INFOPLIST_FILE = wheather123/Info.plist;
				INFOPLIST_KEY_UIApplicationSupportsIndirectInputEvents = YES;
				INFOPLIST_KEY_UILaunchStoryboardName = LaunchScreen;
				INFOPLIST_KEY_UIMainStoryboardFile = Main;
				INFOPLIST_KEY_UISupportedInterfaceOrientations_iPad = "UIInterfaceOrientationPortrait UIInterfaceOrientationPortraitUpsideDown UIInterfaceOrientationLandscapeLeft UIInterfaceOrientationLandscapeRight";
				INFOPLIST_KEY_UISupportedInterfaceOrientations_iPhone = "UIInterfaceOrientationPortrait UIInterfaceOrientationLandscapeLeft UIInterfaceOrientationLandscapeRight";
				LD_RUNPATH_SEARCH_PATHS = (
					"$(inherited)",
					"@executable_path/Frameworks",
				);
				MARKETING_VERSION = 1.0;
				PRODUCT_BUNDLE_IDENTIFIER = "-.wheather123";
				PRODUCT_NAME = "$(TARGET_NAME)";
				SWIFT_EMIT_LOC_STRINGS = YES;
				SWIFT_VERSION = 5.0;
				TARGETED_DEVICE_FAMILY = "1,2";
			};
			name = Debug;
		};
		AC6D3DAF28544ABB00592235 /* Release */ = {
			isa = XCBuildConfiguration;
			buildSettings = {
				ASSETCATALOG_COMPILER_APPICON_NAME = AppIcon;
				ASSETCATALOG_COMPILER_GLOBAL_ACCENT_COLOR_NAME = AccentColor;
				CODE_SIGN_STYLE = Automatic;
				CURRENT_PROJECT_VERSION = 1;
				GENERATE_INFOPLIST_FILE = YES;
				INFOPLIST_FILE = wheather123/Info.plist;
				INFOPLIST_KEY_UIApplicationSupportsIndirectInputEvents = YES;
				INFOPLIST_KEY_UILaunchStoryboardName = LaunchScreen;
				INFOPLIST_KEY_UIMainStoryboardFile = Main;
				INFOPLIST_KEY_UISupportedInterfaceOrientations_iPad = "UIInterfaceOrientationPortrait UIInterfaceOrientationPortraitUpsideDown UIInterfaceOrientationLandscapeLeft UIInterfaceOrientationLandscapeRight";
				INFOPLIST_KEY_UISupportedInterfaceOrientations_iPhone = "UIInterfaceOrientationPortrait UIInterfaceOrientationLandscapeLeft UIInterfaceOrientationLandscapeRight";
				LD_RUNPATH_SEARCH_PATHS = (
					"$(inherited)",
					"@executable_path/Frameworks",
				);
				MARKETING_VERSION = 1.0;
				PRODUCT_BUNDLE_IDENTIFIER = "-.wheather123";
				PRODUCT_NAME = "$(TARGET_NAME)";
				SWIFT_EMIT_LOC_STRINGS = YES;
				SWIFT_VERSION = 5.0;
				TARGETED_DEVICE_FAMILY = "1,2";
			};
			name = Release;
		};
		AC6D3DB128544ABB00592235 /* Debug */ = {
			isa = XCBuildConfiguration;
			buildSettings = {
				ALWAYS_EMBED_SWIFT_STANDARD_LIBRARIES = YES;
				BUNDLE_LOADER = "$(TEST_HOST)";
				CODE_SIGN_STYLE = Automatic;
				CURRENT_PROJECT_VERSION = 1;
				GENERATE_INFOPLIST_FILE = YES;
				IPHONEOS_DEPLOYMENT_TARGET = 15.2;
				MARKETING_VERSION = 1.0;
				PRODUCT_BUNDLE_IDENTIFIER = "-.wheather123Tests";
				PRODUCT_NAME = "$(TARGET_NAME)";
				SWIFT_EMIT_LOC_STRINGS = NO;
				SWIFT_VERSION = 5.0;
				TARGETED_DEVICE_FAMILY = "1,2";
				TEST_HOST = "$(BUILT_PRODUCTS_DIR)/wheather123.app/wheather123";
			};
			name = Debug;
		};
		AC6D3DB228544ABB00592235 /* Release */ = {
			isa = XCBuildConfiguration;
			buildSettings = {
				ALWAYS_EMBED_SWIFT_STANDARD_LIBRARIES = YES;
				BUNDLE_LOADER = "$(TEST_HOST)";
				CODE_SIGN_STYLE = Automatic;
				CURRENT_PROJECT_VERSION = 1;
				GENERATE_INFOPLIST_FILE = YES;
				IPHONEOS_DEPLOYMENT_TARGET = 15.2;
				MARKETING_VERSION = 1.0;
				PRODUCT_BUNDLE_IDENTIFIER = "-.wheather123Tests";
				PRODUCT_NAME = "$(TARGET_NAME)";
				SWIFT_EMIT_LOC_STRINGS = NO;
				SWIFT_VERSION = 5.0;
				TARGETED_DEVICE_FAMILY = "1,2";
				TEST_HOST = "$(BUILT_PRODUCTS_DIR)/wheather123.app/wheather123";
			};
			name = Release;
		};
		AC6D3DB428544ABB00592235 /* Debug */ = {
			isa = XCBuildConfiguration;
			buildSettings = {
				ALWAYS_EMBED_SWIFT_STANDARD_LIBRARIES = YES;
				CODE_SIGN_STYLE = Automatic;
				CURRENT_PROJECT_VERSION = 1;
				GENERATE_INFOPLIST_FILE = YES;
				MARKETING_VERSION = 1.0;
				PRODUCT_BUNDLE_IDENTIFIER = "-.wheather123UITests";
				PRODUCT_NAME = "$(TARGET_NAME)";
				SWIFT_EMIT_LOC_STRINGS = NO;
				SWIFT_VERSION = 5.0;
				TARGETED_DEVICE_FAMILY = "1,2";
				TEST_TARGET_NAME = wheather123;
			};
			name = Debug;
		};
		AC6D3DB528544ABB00592235 /* Release */ = {
			isa = XCBuildConfiguration;
			buildSettings = {
				ALWAYS_EMBED_SWIFT_STANDARD_LIBRARIES = YES;
				CODE_SIGN_STYLE = Automatic;
				CURRENT_PROJECT_VERSION = 1;
				GENERATE_INFOPLIST_FILE = YES;
				MARKETING_VERSION = 1.0;
				PRODUCT_BUNDLE_IDENTIFIER = "-.wheather123UITests";
				PRODUCT_NAME = "$(TARGET_NAME)";
				SWIFT_EMIT_LOC_STRINGS = NO;
				SWIFT_VERSION = 5.0;
				TARGETED_DEVICE_FAMILY = "1,2";
				TEST_TARGET_NAME = wheather123;
			};
			name = Release;
		};
/* End XCBuildConfiguration section */

/* Begin XCConfigurationList section */
		AC6D3D7E28544ABA00592235 /* Build configuration list for PBXProject "wheather123" */ = {
			isa = XCConfigurationList;
			buildConfigurations = (
				AC6D3DAB28544ABB00592235 /* Debug */,
				AC6D3DAC28544ABB00592235 /* Release */,
			);
			defaultConfigurationIsVisible = 0;
			defaultConfigurationName = Release;
		};
		AC6D3DAD28544ABB00592235 /* Build configuration list for PBXNativeTarget "wheather123" */ = {
			isa = XCConfigurationList;
			buildConfigurations = (
				AC6D3DAE28544ABB00592235 /* Debug */,
				AC6D3DAF28544ABB00592235 /* Release */,
			);
			defaultConfigurationIsVisible = 0;
			defaultConfigurationName = Release;
		};
		AC6D3DB028544ABB00592235 /* Build configuration list for PBXNativeTarget "wheather123Tests" */ = {
			isa = XCConfigurationList;
			buildConfigurations = (
				AC6D3DB128544ABB00592235 /* Debug */,
				AC6D3DB228544ABB00592235 /* Release */,
			);
			defaultConfigurationIsVisible = 0;
			defaultConfigurationName = Release;
		};
		AC6D3DB328544ABB00592235 /* Build configuration list for PBXNativeTarget "wheather123UITests" */ = {
			isa = XCConfigurationList;
			buildConfigurations = (
				AC6D3DB428544ABB00592235 /* Debug */,
				AC6D3DB528544ABB00592235 /* Release */,
			);
			defaultConfigurationIsVisible = 0;
			defaultConfigurationName = Release;
		};
/* End XCConfigurationList section */
	};
	rootObject = AC6D3D7B28544ABA00592235 /* Project object */;
}
